
Microsoft Visual Studio Solution File, Format Version 12.00
# Visual Studio Version 17
VisualStudioVersion = 17.2.32630.192
MinimumVisualStudioVersion = 10.0.40219.1
Project("{2150E333-8FDC-42A3-9474-1A3956D46DE8}") = "Frontend", "Frontend", "{F3063A94-6BEC-4BB9-856B-78D5FACF4A40}"
EndProject
Project("{FAE04EC0-301F-11D3-BF4B-00C04F79EFBC}") = "Mango.Web", "Mango.Web\Mango.Web.csproj", "{3FF5BFD1-113A-4244-95AF-56D2ECDD644F}"
EndProject
Project("{2150E333-8FDC-42A3-9474-1A3956D46DE8}") = "Services", "Services", "{C43E04C1-F759-4A26-8D55-3DAA2EBFDEC3}"
EndProject
Project("{FAE04EC0-301F-11D3-BF4B-00C04F79EFBC}") = "Mango.Services.ProductAPI", "Mango.Services.ProductAPI\Mango.Services.ProductAPI.csproj", "{A808FCBE-1786-4F5F-A98C-5D6099E1F035}"
EndProject
Global
	GlobalSection(SolutionConfigurationPlatforms) = preSolution
		Debug|Any CPU = Debug|Any CPU
		Release|Any CPU = Release|Any CPU
	EndGlobalSection
	GlobalSection(ProjectConfigurationPlatforms) = postSolution
		{3FF5BFD1-113A-4244-95AF-56D2ECDD644F}.Debug|Any CPU.ActiveCfg = Debug|Any CPU
		{3FF5BFD1-113A-4244-95AF-56D2ECDD644F}.Debug|Any CPU.Build.0 = Debug|Any CPU
		{3FF5BFD1-113A-4244-95AF-56D2ECDD644F}.Release|Any CPU.ActiveCfg = Release|Any CPU
		{3FF5BFD1-113A-4244-95AF-56D2ECDD644F}.Release|Any CPU.Build.0 = Release|Any CPU
		{A808FCBE-1786-4F5F-A98C-5D6099E1F035}.Debug|Any CPU.ActiveCfg = Debug|Any CPU
		{A808FCBE-1786-4F5F-A98C-5D6099E1F035}.Debug|Any CPU.Build.0 = Debug|Any CPU
		{A808FCBE-1786-4F5F-A98C-5D6099E1F035}.Release|Any CPU.ActiveCfg = Release|Any CPU
		{A808FCBE-1786-4F5F-A98C-5D6099E1F035}.Release|Any CPU.Build.0 = Release|Any CPU
	EndGlobalSection
	GlobalSection(SolutionProperties) = preSolution
		HideSolutionNode = FALSE
	EndGlobalSection
	GlobalSection(NestedProjects) = preSolution
		{3FF5BFD1-113A-4244-95AF-56D2ECDD644F} = {F3063A94-6BEC-4BB9-856B-78D5FACF4A40}
		{A808FCBE-1786-4F5F-A98C-5D6099E1F035} = {C43E04C1-F759-4A26-8D55-3DAA2EBFDEC3}
	EndGlobalSection
	GlobalSection(ExtensibilityGlobals) = postSolution
		SolutionGuid = {7FA91A9C-DD8C-4536-A6CE-2D06FA116152}
	EndGlobalSection
EndGlobal
